# This file is automatically @generated by Wally.
# It is not intended for manual editing.
registry = "test"

[[package]]
name = "coatmol/signalplus"
version = "3.3.1"
dependencies = []

[[package]]
name = "etheroit/replicacontroller"
version = "1.0.0"
dependencies = []

[[package]]
name = "etheroit/replicaservice"
version = "1.0.2"
dependencies = []

[[package]]
name = "evaera/promise"
version = "4.0.0"
dependencies = []

[[package]]
name = "ivasmigins/packet"
version = "0.1.0"
dependencies = []

[[package]]
name = "kartzrbx/janitor"
version = "1.1.0"
dependencies = []

[[package]]
name = "markc/koishi-and-dragons"
version = "0.1.0"
dependencies = [["Janitor", "kartzrbx/janitor@1.1.0"], ["Packet", "ivasmigins/packet@0.1.0"], ["Promise", "evaera/promise@4.0.0"], ["ReplicaController", "etheroit/replicacontroller@1.0.0"], ["Signal", "coatmol/signalplus@3.3.1"], ["ReplicaService", "etheroit/replicaservice@1.0.2"]]
